
Microsoft Visual Studio Solution File, Format Version 12.00
# Visual Studio Version 16
VisualStudioVersion = 16.0.32106.194
MinimumVisualStudioVersion = 10.0.40219.1
Project("{FAE04EC0-301F-11D3-BF4B-00C04F79EFBC}") = "EfCore.DatabaseFirst", "EfCore.DatabaseFirst\EfCore.DatabaseFirst.csproj", "{5ADB55A3-E11F-4395-87F5-AD4F7EE910DA}"
EndProject
Global
	GlobalSection(SolutionConfigurationPlatforms) = preSolution
		Debug|Any CPU = Debug|Any CPU
		Release|Any CPU = Release|Any CPU
	EndGlobalSection
	GlobalSection(ProjectConfigurationPlatforms) = postSolution
		{5ADB55A3-E11F-4395-87F5-AD4F7EE910DA}.Debug|Any CPU.ActiveCfg = Debug|Any CPU
		{5ADB55A3-E11F-4395-87F5-AD4F7EE910DA}.Debug|Any CPU.Build.0 = Debug|Any CPU
		{5ADB55A3-E11F-4395-87F5-AD4F7EE910DA}.Release|Any CPU.ActiveCfg = Release|Any CPU
		{5ADB55A3-E11F-4395-87F5-AD4F7EE910DA}.Release|Any CPU.Build.0 = Release|Any CPU
	EndGlobalSection
	GlobalSection(SolutionProperties) = preSolution
		HideSolutionNode = FALSE
	EndGlobalSection
	GlobalSection(ExtensibilityGlobals) = postSolution
		SolutionGuid = {19751CAB-7B45-466F-A561-035F4A63D5AC}
	EndGlobalSection
EndGlobal
